
Microsoft Visual Studio Solution File, Format Version 12.00
# Visual Studio Version 16
VisualStudioVersion = 16.0.29728.190
MinimumVisualStudioVersion = 10.0.40219.1
Project("{8BC9CEB8-8B4A-11D0-8D11-00A0C91BC942}") = "templatetest1", "templatetest1\templatetest1.vcxproj", "{EBCD9253-65AD-4C0B-A5E7-29FB36B366AD}"
EndProject
Global
	GlobalSection(SolutionConfigurationPlatforms) = preSolution
		Debug|x64 = Debug|x64
		Debug|x86 = Debug|x86
		Release|x64 = Release|x64
		Release|x86 = Release|x86
	EndGlobalSection
	GlobalSection(ProjectConfigurationPlatforms) = postSolution
		{EBCD9253-65AD-4C0B-A5E7-29FB36B366AD}.Debug|x64.ActiveCfg = Debug|x64
		{EBCD9253-65AD-4C0B-A5E7-29FB36B366AD}.Debug|x64.Build.0 = Debug|x64
		{EBCD9253-65AD-4C0B-A5E7-29FB36B366AD}.Debug|x86.ActiveCfg = Debug|Win32
		{EBCD9253-65AD-4C0B-A5E7-29FB36B366AD}.Debug|x86.Build.0 = Debug|Win32
		{EBCD9253-65AD-4C0B-A5E7-29FB36B366AD}.Release|x64.ActiveCfg = Release|x64
		{EBCD9253-65AD-4C0B-A5E7-29FB36B366AD}.Release|x64.Build.0 = Release|x64
		{EBCD9253-65AD-4C0B-A5E7-29FB36B366AD}.Release|x86.ActiveCfg = Release|Win32
		{EBCD9253-65AD-4C0B-A5E7-29FB36B366AD}.Release|x86.Build.0 = Release|Win32
	EndGlobalSection
	GlobalSection(SolutionProperties) = preSolution
		HideSolutionNode = FALSE
	EndGlobalSection
	GlobalSection(ExtensibilityGlobals) = postSolution
		SolutionGuid = {767F8AFB-0CBB-4081-98F3-5F078DFE67B4}
	EndGlobalSection
EndGlobal
